
Microsoft Visual Studio Solution File, Format Version 12.00
# Visual Studio Version 16
VisualStudioVersion = 16.0.31205.134
MinimumVisualStudioVersion = 10.0.40219.1
Project("{FAE04EC0-301F-11D3-BF4B-00C04F79EFBC}") = "AppApi.Android", "AppApi\AppApi.Android\AppApi.Android.csproj", "{F5FA8CEA-D100-4735-A5CC-566DDFA81E91}"
EndProject
Project("{FAE04EC0-301F-11D3-BF4B-00C04F79EFBC}") = "AppApi.iOS", "AppApi\AppApi.iOS\AppApi.iOS.csproj", "{8AF6336E-3502-4C85-B67A-672F26EB5999}"
EndProject
Project("{9A19103F-16F7-4668-BE54-9A1E7A4F7556}") = "AppApi", "AppApi\AppApi\AppApi.csproj", "{33635ED6-73EF-4E16-8BBF-EC28A362D752}"
EndProject
Global
	GlobalSection(SolutionConfigurationPlatforms) = preSolution
		Debug|Any CPU = Debug|Any CPU
		Debug|iPhone = Debug|iPhone
		Debug|iPhoneSimulator = Debug|iPhoneSimulator
		Release|Any CPU = Release|Any CPU
		Release|iPhone = Release|iPhone
		Release|iPhoneSimulator = Release|iPhoneSimulator
	EndGlobalSection
	GlobalSection(ProjectConfigurationPlatforms) = postSolution
		{F5FA8CEA-D100-4735-A5CC-566DDFA81E91}.Debug|Any CPU.ActiveCfg = Debug|Any CPU
		{F5FA8CEA-D100-4735-A5CC-566DDFA81E91}.Debug|Any CPU.Build.0 = Debug|Any CPU
		{F5FA8CEA-D100-4735-A5CC-566DDFA81E91}.Debug|Any CPU.Deploy.0 = Debug|Any CPU
		{F5FA8CEA-D100-4735-A5CC-566DDFA81E91}.Debug|iPhone.ActiveCfg = Debug|Any CPU
		{F5FA8CEA-D100-4735-A5CC-566DDFA81E91}.Debug|iPhone.Build.0 = Debug|Any CPU
		{F5FA8CEA-D100-4735-A5CC-566DDFA81E91}.Debug|iPhone.Deploy.0 = Debug|Any CPU
		{F5FA8CEA-D100-4735-A5CC-566DDFA81E91}.Debug|iPhoneSimulator.ActiveCfg = Debug|Any CPU
		{F5FA8CEA-D100-4735-A5CC-566DDFA81E91}.Debug|iPhoneSimulator.Build.0 = Debug|Any CPU
		{F5FA8CEA-D100-4735-A5CC-566DDFA81E91}.Debug|iPhoneSimulator.Deploy.0 = Debug|Any CPU
		{F5FA8CEA-D100-4735-A5CC-566DDFA81E91}.Release|Any CPU.ActiveCfg = Release|Any CPU
		{F5FA8CEA-D100-4735-A5CC-566DDFA81E91}.Release|Any CPU.Build.0 = Release|Any CPU
		{F5FA8CEA-D100-4735-A5CC-566DDFA81E91}.Release|Any CPU.Deploy.0 = Release|Any CPU
		{F5FA8CEA-D100-4735-A5CC-566DDFA81E91}.Release|iPhone.ActiveCfg = Release|Any CPU
		{F5FA8CEA-D100-4735-A5CC-566DDFA81E91}.Release|iPhone.Build.0 = Release|Any CPU
		{F5FA8CEA-D100-4735-A5CC-566DDFA81E91}.Release|iPhone.Deploy.0 = Release|Any CPU
		{F5FA8CEA-D100-4735-A5CC-566DDFA81E91}.Release|iPhoneSimulator.ActiveCfg = Release|Any CPU
		{F5FA8CEA-D100-4735-A5CC-566DDFA81E91}.Release|iPhoneSimulator.Build.0 = Release|Any CPU
		{F5FA8CEA-D100-4735-A5CC-566DDFA81E91}.Release|iPhoneSimulator.Deploy.0 = Release|Any CPU
		{8AF6336E-3502-4C85-B67A-672F26EB5999}.Debug|Any CPU.ActiveCfg = Debug|iPhone
		{8AF6336E-3502-4C85-B67A-672F26EB5999}.Debug|Any CPU.Build.0 = Debug|iPhone
		{8AF6336E-3502-4C85-B67A-672F26EB5999}.Debug|Any CPU.Deploy.0 = Debug|iPhone
		{8AF6336E-3502-4C85-B67A-672F26EB5999}.Debug|iPhone.ActiveCfg = Debug|iPhone
		{8AF6336E-3502-4C85-B67A-672F26EB5999}.Debug|iPhone.Build.0 = Debug|iPhone
		{8AF6336E-3502-4C85-B67A-672F26EB5999}.Debug|iPhone.Deploy.0 = Debug|iPhone
		{8AF6336E-3502-4C85-B67A-672F26EB5999}.Debug|iPhoneSimulator.ActiveCfg = Debug|iPhoneSimulator
		{8AF6336E-3502-4C85-B67A-672F26EB5999}.Debug|iPhoneSimulator.Build.0 = Debug|iPhoneSimulator
		{8AF6336E-3502-4C85-B67A-672F26EB5999}.Debug|iPhoneSimulator.Deploy.0 = Debug|iPhoneSimulator
		{8AF6336E-3502-4C85-B67A-672F26EB5999}.Release|Any CPU.ActiveCfg = Release|iPhoneSimulator
		{8AF6336E-3502-4C85-B67A-672F26EB5999}.Release|Any CPU.Build.0 = Release|iPhoneSimulator
		{8AF6336E-3502-4C85-B67A-672F26EB5999}.Release|Any CPU.Deploy.0 = Release|iPhoneSimulator
		{8AF6336E-3502-4C85-B67A-672F26EB5999}.Release|iPhone.ActiveCfg = Release|iPhone
		{8AF6336E-3502-4C85-B67A-672F26EB5999}.Release|iPhone.Build.0 = Release|iPhone
		{8AF6336E-3502-4C85-B67A-672F26EB5999}.Release|iPhone.Deploy.0 = Release|iPhone
		{8AF6336E-3502-4C85-B67A-672F26EB5999}.Release|iPhoneSimulator.ActiveCfg = Release|iPhoneSimulator
		{8AF6336E-3502-4C85-B67A-672F26EB5999}.Release|iPhoneSimulator.Build.0 = Release|iPhoneSimulator
		{8AF6336E-3502-4C85-B67A-672F26EB5999}.Release|iPhoneSimulator.Deploy.0 = Release|iPhoneSimulator
		{33635ED6-73EF-4E16-8BBF-EC28A362D752}.Debug|Any CPU.ActiveCfg = Debug|Any CPU
		{33635ED6-73EF-4E16-8BBF-EC28A362D752}.Debug|Any CPU.Build.0 = Debug|Any CPU
		{33635ED6-73EF-4E16-8BBF-EC28A362D752}.Debug|Any CPU.Deploy.0 = Debug|Any CPU
		{33635ED6-73EF-4E16-8BBF-EC28A362D752}.Debug|iPhone.ActiveCfg = Debug|Any CPU
		{33635ED6-73EF-4E16-8BBF-EC28A362D752}.Debug|iPhone.Build.0 = Debug|Any CPU
		{33635ED6-73EF-4E16-8BBF-EC28A362D752}.Debug|iPhone.Deploy.0 = Debug|Any CPU
		{33635ED6-73EF-4E16-8BBF-EC28A362D752}.Debug|iPhoneSimulator.ActiveCfg = Debug|Any CPU
		{33635ED6-73EF-4E16-8BBF-EC28A362D752}.Debug|iPhoneSimulator.Build.0 = Debug|Any CPU
		{33635ED6-73EF-4E16-8BBF-EC28A362D752}.Debug|iPhoneSimulator.Deploy.0 = Debug|Any CPU
		{33635ED6-73EF-4E16-8BBF-EC28A362D752}.Release|Any CPU.ActiveCfg = Release|Any CPU
		{33635ED6-73EF-4E16-8BBF-EC28A362D752}.Release|Any CPU.Build.0 = Release|Any CPU
		{33635ED6-73EF-4E16-8BBF-EC28A362D752}.Release|Any CPU.Deploy.0 = Release|Any CPU
		{33635ED6-73EF-4E16-8BBF-EC28A362D752}.Release|iPhone.ActiveCfg = Release|Any CPU
		{33635ED6-73EF-4E16-8BBF-EC28A362D752}.Release|iPhone.Build.0 = Release|Any CPU
		{33635ED6-73EF-4E16-8BBF-EC28A362D752}.Release|iPhone.Deploy.0 = Release|Any CPU
		{33635ED6-73EF-4E16-8BBF-EC28A362D752}.Release|iPhoneSimulator.ActiveCfg = Release|Any CPU
		{33635ED6-73EF-4E16-8BBF-EC28A362D752}.Release|iPhoneSimulator.Build.0 = Release|Any CPU
		{33635ED6-73EF-4E16-8BBF-EC28A362D752}.Release|iPhoneSimulator.Deploy.0 = Release|Any CPU
	EndGlobalSection
	GlobalSection(SolutionProperties) = preSolution
		HideSolutionNode = FALSE
	EndGlobalSection
	GlobalSection(ExtensibilityGlobals) = postSolution
		SolutionGuid = {13CD1884-CF95-46AD-BB17-60C8AA19FD18}
	EndGlobalSection
EndGlobal
